
Microsoft Visual Studio Solution File, Format Version 12.00
# Visual Studio 15
Project("{FAE04EC0-301F-11D3-BF4B-00C04F79EFBC}") = "Homeworks", "Homeworks\Homeworks.csproj", "{FF010323-6BA0-4EBC-84A4-492D55ABBFFE}"
EndProject
Project("{FAE04EC0-301F-11D3-BF4B-00C04F79EFBC}") = "Graphs", "Graphs\Graphs.csproj", "{E0D18E02-EFFF-4DBB-9117-F92A470F4C90}"
EndProject
Global
	GlobalSection(SolutionConfigurationPlatforms) = preSolution
		Debug|x86 = Debug|x86
		Release|x86 = Release|x86
	EndGlobalSection
	GlobalSection(ProjectConfigurationPlatforms) = postSolution
		{FF010323-6BA0-4EBC-84A4-492D55ABBFFE}.Debug|x86.ActiveCfg = Debug|x86
		{FF010323-6BA0-4EBC-84A4-492D55ABBFFE}.Debug|x86.Build.0 = Debug|x86
		{FF010323-6BA0-4EBC-84A4-492D55ABBFFE}.Release|x86.ActiveCfg = Release|x86
		{FF010323-6BA0-4EBC-84A4-492D55ABBFFE}.Release|x86.Build.0 = Release|x86
		{E0D18E02-EFFF-4DBB-9117-F92A470F4C90}.Debug|x86.ActiveCfg = Debug|Any CPU
		{E0D18E02-EFFF-4DBB-9117-F92A470F4C90}.Debug|x86.Build.0 = Debug|Any CPU
		{E0D18E02-EFFF-4DBB-9117-F92A470F4C90}.Release|x86.ActiveCfg = Release|Any CPU
		{E0D18E02-EFFF-4DBB-9117-F92A470F4C90}.Release|x86.Build.0 = Release|Any CPU
	EndGlobalSection
EndGlobal
